// !$*UTF8*$!
{
	archiveVersion = 1;
	classes = {
	};
	objectVersion = 50;
	objects = {

/* Begin PBXBuildFile section */
		42C2133328B46EAC00F446B3 /* LandmarksApp.swift in Sources */ = {isa = PBXBuildFile; fileRef = 42C2133228B46EAC00F446B3 /* LandmarksApp.swift */; };
		42C2133528B46EAC00F446B3 /* ContentView.swift in Sources */ = {isa = PBXBuildFile; fileRef = 42C2133428B46EAC00F446B3 /* ContentView.swift */; };
		42C2133728B46EAD00F446B3 /* Assets.xcassets in Resources */ = {isa = PBXBuildFile; fileRef = 42C2133628B46EAD00F446B3 /* Assets.xcassets */; };
		42C2133A28B46EAD00F446B3 /* Preview Assets.xcassets in Resources */ = {isa = PBXBuildFile; fileRef = 42C2133928B46EAD00F446B3 /* Preview Assets.xcassets */; };
		42C2134428B49D7200F446B3 /* CircleImage.swift in Sources */ = {isa = PBXBuildFile; fileRef = 42C2134328B49D7200F446B3 /* CircleImage.swift */; };
		42C2134628B4A23600F446B3 /* MapView.swift in Sources */ = {isa = PBXBuildFile; fileRef = 42C2134528B4A23600F446B3 /* MapView.swift */; };
		42C2134828B4C07800F446B3 /* Landmark.swift in Sources */ = {isa = PBXBuildFile; fileRef = 42C2134728B4C07800F446B3 /* Landmark.swift */; };
		42C2134A28B4C23200F446B3 /* ModelData.swift in Sources */ = {isa = PBXBuildFile; fileRef = 42C2134928B4C23200F446B3 /* ModelData.swift */; };
		42C2136728B4C30700F446B3 /* landmarkData.json in Resources */ = {isa = PBXBuildFile; fileRef = 42C2135A28B4C30700F446B3 /* landmarkData.json */; };
		42C2136B28B4C4D900F446B3 /* LandmarkRow.swift in Sources */ = {isa = PBXBuildFile; fileRef = 42C2136A28B4C4D900F446B3 /* LandmarkRow.swift */; };
		42C2136D28B4C7C600F446B3 /* LandmarkList.swift in Sources */ = {isa = PBXBuildFile; fileRef = 42C2136C28B4C7C600F446B3 /* LandmarkList.swift */; };
		42C2136F28B4CA5600F446B3 /* LandmarkDetail.swift in Sources */ = {isa = PBXBuildFile; fileRef = 42C2136E28B4CA5600F446B3 /* LandmarkDetail.swift */; };
/* End PBXBuildFile section */

/* Begin PBXFileReference section */
		42C2132F28B46EAC00F446B3 /* Landmarks.app */ = {isa = PBXFileReference; explicitFileType = wrapper.application; includeInIndex = 0; path = Landmarks.app; sourceTree = BUILT_PRODUCTS_DIR; };
		42C2133228B46EAC00F446B3 /* LandmarksApp.swift */ = {isa = PBXFileReference; lastKnownFileType = sourcecode.swift; path = LandmarksApp.swift; sourceTree = "<group>"; };
		42C2133428B46EAC00F446B3 /* ContentView.swift */ = {isa = PBXFileReference; lastKnownFileType = sourcecode.swift; path = ContentView.swift; sourceTree = "<group>"; };
		42C2133628B46EAD00F446B3 /* Assets.xcassets */ = {isa = PBXFileReference; lastKnownFileType = folder.assetcatalog; path = Assets.xcassets; sourceTree = "<group>"; };
		42C2133928B46EAD00F446B3 /* Preview Assets.xcassets */ = {isa = PBXFileReference; lastKnownFileType = folder.assetcatalog; path = "Preview Assets.xcassets"; sourceTree = "<group>"; };
		42C2133B28B46EAD00F446B3 /* Info.plist */ = {isa = PBXFileReference; lastKnownFileType = text.plist.xml; path = Info.plist; sourceTree = "<group>"; };
		42C2134328B49D7200F446B3 /* CircleImage.swift */ = {isa = PBXFileReference; lastKnownFileType = sourcecode.swift; path = CircleImage.swift; sourceTree = "<group>"; };
		42C2134528B4A23600F446B3 /* MapView.swift */ = {isa = PBXFileReference; lastKnownFileType = sourcecode.swift; path = MapView.swift; sourceTree = "<group>"; };
		42C2134728B4C07800F446B3 /* Landmark.swift */ = {isa = PBXFileReference; lastKnownFileType = sourcecode.swift; path = Landmark.swift; sourceTree = "<group>"; };
		42C2134928B4C23200F446B3 /* ModelData.swift */ = {isa = PBXFileReference; lastKnownFileType = sourcecode.swift; path = ModelData.swift; sourceTree = "<group>"; };
		42C2135A28B4C30700F446B3 /* landmarkData.json */ = {isa = PBXFileReference; fileEncoding = 4; lastKnownFileType = text.json; path = landmarkData.json; sourceTree = "<group>"; };
		42C2136A28B4C4D900F446B3 /* LandmarkRow.swift */ = {isa = PBXFileReference; lastKnownFileType = sourcecode.swift; path = LandmarkRow.swift; sourceTree = "<group>"; };
		42C2136C28B4C7C600F446B3 /* LandmarkList.swift */ = {isa = PBXFileReference; lastKnownFileType = sourcecode.swift; path = LandmarkList.swift; sourceTree = "<group>"; };
		42C2136E28B4CA5600F446B3 /* LandmarkDetail.swift */ = {isa = PBXFileReference; lastKnownFileType = sourcecode.swift; path = LandmarkDetail.swift; sourceTree = "<group>"; };
/* End PBXFileReference section */

/* Begin PBXFrameworksBuildPhase section */
		42C2132C28B46EAC00F446B3 /* Frameworks */ = {
			isa = PBXFrameworksBuildPhase;
			buildActionMask = 2147483647;
			files = (
			);
			runOnlyForDeploymentPostprocessing = 0;
		};
/* End PBXFrameworksBuildPhase section */

/* Begin PBXGroup section */
		42C2132628B46EAC00F446B3 = {
			isa = PBXGroup;
			children = (
				42C2133128B46EAC00F446B3 /* Landmarks */,
				42C2133028B46EAC00F446B3 /* Products */,
			);
			sourceTree = "<group>";
		};
		42C2133028B46EAC00F446B3 /* Products */ = {
			isa = PBXGroup;
			children = (
				42C2132F28B46EAC00F446B3 /* Landmarks.app */,
			);
			name = Products;
			sourceTree = "<group>";
		};
		42C2133128B46EAC00F446B3 /* Landmarks */ = {
			isa = PBXGroup;
			children = (
				42C2133228B46EAC00F446B3 /* LandmarksApp.swift */,
				42C2136828B4C3DB00F446B3 /* Views */,
				42C2136928B4C3FF00F446B3 /* Model */,
				42C2134B28B4C30700F446B3 /* Resources */,
				42C2133628B46EAD00F446B3 /* Assets.xcassets */,
				42C2133B28B46EAD00F446B3 /* Info.plist */,
				42C2133828B46EAD00F446B3 /* Preview Content */,
			);
			path = Landmarks;
			sourceTree = "<group>";
		};
		42C2133828B46EAD00F446B3 /* Preview Content */ = {
			isa = PBXGroup;
			children = (
				42C2133928B46EAD00F446B3 /* Preview Assets.xcassets */,
			);
			path = "Preview Content";
			sourceTree = "<group>";
		};
		42C2134B28B4C30700F446B3 /* Resources */ = {
			isa = PBXGroup;
			children = (
				42C2135A28B4C30700F446B3 /* landmarkData.json */,
			);
			path = Resources;
			sourceTree = "<group>";
		};
		42C2136828B4C3DB00F446B3 /* Views */ = {
			isa = PBXGroup;
			children = (
				42C2133428B46EAC00F446B3 /* ContentView.swift */,
				42C2134328B49D7200F446B3 /* CircleImage.swift */,
				42C2134528B4A23600F446B3 /* MapView.swift */,
				42C2136A28B4C4D900F446B3 /* LandmarkRow.swift */,
				42C2136C28B4C7C600F446B3 /* LandmarkList.swift */,
				42C2136E28B4CA5600F446B3 /* LandmarkDetail.swift */,
			);
			path = Views;
			sourceTree = "<group>";
		};
		42C2136928B4C3FF00F446B3 /* Model */ = {
			isa = PBXGroup;
			children = (
				42C2134728B4C07800F446B3 /* Landmark.swift */,
				42C2134928B4C23200F446B3 /* ModelData.swift */,
			);
			path = Model;
			sourceTree = "<group>";
		};
/* End PBXGroup section */

/* Begin PBXNativeTarget section */
		42C2132E28B46EAC00F446B3 /* Landmarks */ = {
			isa = PBXNativeTarget;
			buildConfigurationList = 42C2133E28B46EAD00F446B3 /* Build configuration list for PBXNativeTarget "Landmarks" */;
			buildPhases = (
				42C2132B28B46EAC00F446B3 /* Sources */,
				42C2132C28B46EAC00F446B3 /* Frameworks */,
				42C2132D28B46EAC00F446B3 /* Resources */,
			);
			buildRules = (
			);
			dependencies = (
			);
			name = Landmarks;
			productName = Landmarks;
			productReference = 42C2132F28B46EAC00F446B3 /* Landmarks.app */;
			productType = "com.apple.product-type.application";
		};
/* End PBXNativeTarget section */

/* Begin PBXProject section */
		42C2132728B46EAC00F446B3 /* Project object */ = {
			isa = PBXProject;
			attributes = {
				LastSwiftUpdateCheck = 1250;
				LastUpgradeCheck = 1250;
				TargetAttributes = {
					42C2132E28B46EAC00F446B3 = {
						CreatedOnToolsVersion = 12.5;
					};
				};
			};
			buildConfigurationList = 42C2132A28B46EAC00F446B3 /* Build configuration list for PBXProject "Landmarks" */;
			compatibilityVersion = "Xcode 9.3";
			developmentRegion = en;
			hasScannedForEncodings = 0;
			knownRegions = (
				en,
				Base,
			);
			mainGroup = 42C2132628B46EAC00F446B3;
			productRefGroup = 42C2133028B46EAC00F446B3 /* Products */;
			projectDirPath = "";
			projectRoot = "";
			targets = (
				42C2132E28B46EAC00F446B3 /* Landmarks */,
			);
		};
/* End PBXProject section */

/* Begin PBXResourcesBuildPhase section */
		42C2132D28B46EAC00F446B3 /* Resources */ = {
			isa = PBXResourcesBuildPhase;
			buildActionMask = 2147483647;
			files = (
				42C2133A28B46EAD00F446B3 /* Preview Assets.xcassets in Resources */,
				42C2136728B4C30700F446B3 /* landmarkData.json in Resources */,
				42C2133728B46EAD00F446B3 /* Assets.xcassets in Resources */,
			);
			runOnlyForDeploymentPostprocessing = 0;
		};
/* End PBXResourcesBuildPhase section */

/* Begin PBXSourcesBuildPhase section */
		42C2132B28B46EAC00F446B3 /* Sources */ = {
			isa = PBXSourcesBuildPhase;
			buildActionMask = 2147483647;
			files = (
				42C2133528B46EAC00F446B3 /* ContentView.swift in Sources */,
				42C2134628B4A23600F446B3 /* MapView.swift in Sources */,
				42C2133328B46EAC00F446B3 /* LandmarksApp.swift in Sources */,
				42C2136D28B4C7C600F446B3 /* LandmarkList.swift in Sources */,
				42C2136F28B4CA5600F446B3 /* LandmarkDetail.swift in Sources */,
				42C2134428B49D7200F446B3 /* CircleImage.swift in Sources */,
				42C2134828B4C07800F446B3 /* Landmark.swift in Sources */,
				42C2136B28B4C4D900F446B3 /* LandmarkRow.swift in Sources */,
				42C2134A28B4C23200F446B3 /* ModelData.swift in Sources */,
			);
			runOnlyForDeploymentPostprocessing = 0;
		};
/* End PBXSourcesBuildPhase section */

/* Begin XCBuildConfiguration section */
		42C2133C28B46EAD00F446B3 /* Debug */ = {
			isa = XCBuildConfiguration;
			buildSettings = {
				ALWAYS_SEARCH_USER_PATHS = NO;
				CLANG_ANALYZER_NONNULL = YES;
				CLANG_ANALYZER_NUMBER_OBJECT_CONVERSION = YES_AGGRESSIVE;
				CLANG_CXX_LANGUAGE_STANDARD = "gnu++14";
				CLANG_CXX_LIBRARY = "libc++";
				CLANG_ENABLE_MODULES = YES;
				CLANG_ENABLE_OBJC_ARC = YES;
				CLANG_ENABLE_OBJC_WEAK = YES;
				CLANG_WARN_BLOCK_CAPTURE_AUTORELEASING = YES;
				CLANG_WARN_BOOL_CONVERSION = YES;
				CLANG_WARN_COMMA = YES;
				CLANG_WARN_CONSTANT_CONVERSION = YES;
				CLANG_WARN_DEPRECATED_OBJC_IMPLEMENTATIONS = YES;
				CLANG_WARN_DIRECT_OBJC_ISA_USAGE = YES_ERROR;
				CLANG_WARN_DOCUMENTATION_COMMENTS = YES;
				CLANG_WARN_EMPTY_BODY = YES;
				CLANG_WARN_ENUM_CONVERSION = YES;
				CLANG_WARN_INFINITE_RECURSION = YES;
				CLANG_WARN_INT_CONVERSION = YES;
				CLANG_WARN_NON_LITERAL_NULL_CONVERSION = YES;
				CLANG_WARN_OBJC_IMPLICIT_RETAIN_SELF = YES;
				CLANG_WARN_OBJC_LITERAL_CONVERSION = YES;
				CLANG_WARN_OBJC_ROOT_CLASS = YES_ERROR;
				CLANG_WARN_QUOTED_INCLUDE_IN_FRAMEWORK_HEADER = YES;
				CLANG_WARN_RANGE_LOOP_ANALYSIS = YES;
				CLANG_WARN_STRICT_PROTOTYPES = YES;
				CLANG_WARN_SUSPICIOUS_MOVE = YES;
				CLANG_WARN_UNGUARDED_AVAILABILITY = YES_AGGRESSIVE;
				CLANG_WARN_UNREACHABLE_CODE = YES;
				CLANG_WARN__DUPLICATE_METHOD_MATCH = YES;
				COPY_PHASE_STRIP = NO;
				DEBUG_INFORMATION_FORMAT = dwarf;
				ENABLE_STRICT_OBJC_MSGSEND = YES;
				ENABLE_TESTABILITY = YES;
				GCC_C_LANGUAGE_STANDARD = gnu11;
				GCC_DYNAMIC_NO_PIC = NO;
				GCC_NO_COMMON_BLOCKS = YES;
				GCC_OPTIMIZATION_LEVEL = 0;
				GCC_PREPROCESSOR_DEFINITIONS = (
					"DEBUG=1",
					"$(inherited)",
				);
				GCC_WARN_64_TO_32_BIT_CONVERSION = YES;
				GCC_WARN_ABOUT_RETURN_TYPE = YES_ERROR;
				GCC_WARN_UNDECLARED_SELECTOR = YES;
				GCC_WARN_UNINITIALIZED_AUTOS = YES_AGGRESSIVE;
				GCC_WARN_UNUSED_FUNCTION = YES;
				GCC_WARN_UNUSED_VARIABLE = YES;
				IPHONEOS_DEPLOYMENT_TARGET = 14.5;
				MTL_ENABLE_DEBUG_INFO = INCLUDE_SOURCE;
				MTL_FAST_MATH = YES;
				ONLY_ACTIVE_ARCH = YES;
				SDKROOT = iphoneos;
				SWIFT_ACTIVE_COMPILATION_CONDITIONS = DEBUG;
				SWIFT_OPTIMIZATION_LEVEL = "-Onone";
			};
			name = Debug;
		};
		42C2133D28B46EAD00F446B3 /* Release */ = {
			isa = XCBuildConfiguration;
			buildSettings = {
				ALWAYS_SEARCH_USER_PATHS = NO;
				CLANG_ANALYZER_NONNULL = YES;
				CLANG_ANALYZER_NUMBER_OBJECT_CONVERSION = YES_AGGRESSIVE;
				CLANG_CXX_LANGUAGE_STANDARD = "gnu++14";
				CLANG_CXX_LIBRARY = "libc++";
				CLANG_ENABLE_MODULES = YES;
				CLANG_ENABLE_OBJC_ARC = YES;
				CLANG_ENABLE_OBJC_WEAK = YES;
				CLANG_WARN_BLOCK_CAPTURE_AUTORELEASING = YES;
				CLANG_WARN_BOOL_CONVERSION = YES;
				CLANG_WARN_COMMA = YES;
				CLANG_WARN_CONSTANT_CONVERSION = YES;
				CLANG_WARN_DEPRECATED_OBJC_IMPLEMENTATIONS = YES;
				CLANG_WARN_DIRECT_OBJC_ISA_USAGE = YES_ERROR;
				CLANG_WARN_DOCUMENTATION_COMMENTS = YES;
				CLANG_WARN_EMPTY_BODY = YES;
				CLANG_WARN_ENUM_CONVERSION = YES;
				CLANG_WARN_INFINITE_RECURSION = YES;
				CLANG_WARN_INT_CONVERSION = YES;
				CLANG_WARN_NON_LITERAL_NULL_CONVERSION = YES;
				CLANG_WARN_OBJC_IMPLICIT_RETAIN_SELF = YES;
				CLANG_WARN_OBJC_LITERAL_CONVERSION = YES;
				CLANG_WARN_OBJC_ROOT_CLASS = YES_ERROR;
				CLANG_WARN_QUOTED_INCLUDE_IN_FRAMEWORK_HEADER = YES;
				CLANG_WARN_RANGE_LOOP_ANALYSIS = YES;
				CLANG_WARN_STRICT_PROTOTYPES = YES;
				CLANG_WARN_SUSPICIOUS_MOVE = YES;
				CLANG_WARN_UNGUARDED_AVAILABILITY = YES_AGGRESSIVE;
				CLANG_WARN_UNREACHABLE_CODE = YES;
				CLANG_WARN__DUPLICATE_METHOD_MATCH = YES;
				COPY_PHASE_STRIP = NO;
				DEBUG_INFORMATION_FORMAT = "dwarf-with-dsym";
				ENABLE_NS_ASSERTIONS = NO;
				ENABLE_STRICT_OBJC_MSGSEND = YES;
				GCC_C_LANGUAGE_STANDARD = gnu11;
				GCC_NO_COMMON_BLOCKS = YES;
				GCC_WARN_64_TO_32_BIT_CONVERSION = YES;
				GCC_WARN_ABOUT_RETURN_TYPE = YES_ERROR;
				GCC_WARN_UNDECLARED_SELECTOR = YES;
				GCC_WARN_UNINITIALIZED_AUTOS = YES_AGGRESSIVE;
				GCC_WARN_UNUSED_FUNCTION = YES;
				GCC_WARN_UNUSED_VARIABLE = YES;
				IPHONEOS_DEPLOYMENT_TARGET = 14.5;
				MTL_ENABLE_DEBUG_INFO = NO;
				MTL_FAST_MATH = YES;
				SDKROOT = iphoneos;
				SWIFT_COMPILATION_MODE = wholemodule;
				SWIFT_OPTIMIZATION_LEVEL = "-O";
				VALIDATE_PRODUCT = YES;
			};
			name = Release;
		};
		42C2133F28B46EAD00F446B3 /* Debug */ = {
			isa = XCBuildConfiguration;
			buildSettings = {
				ASSETCATALOG_COMPILER_APPICON_NAME = AppIcon;
				ASSETCATALOG_COMPILER_GLOBAL_ACCENT_COLOR_NAME = AccentColor;
				CODE_SIGN_STYLE = Automatic;
				DEVELOPMENT_ASSET_PATHS = "\"Landmarks/Preview Content\"";
				DEVELOPMENT_TEAM = 936484QZRS;
				ENABLE_PREVIEWS = YES;
				INFOPLIST_FILE = Landmarks/Info.plist;
				IPHONEOS_DEPLOYMENT_TARGET = 14.0;
				LD_RUNPATH_SEARCH_PATHS = (
					"$(inherited)",
					"@executable_path/Frameworks",
				);
				PRODUCT_BUNDLE_IDENTIFIER = haya.com.Landmarks;
				PRODUCT_NAME = "$(TARGET_NAME)";
				SWIFT_VERSION = 5.0;
				TARGETED_DEVICE_FAMILY = "1,2";
			};
			name = Debug;
		};
		42C2134028B46EAD00F446B3 /* Release */ = {
			isa = XCBuildConfiguration;
			buildSettings = {
				ASSETCATALOG_COMPILER_APPICON_NAME = AppIcon;
				ASSETCATALOG_COMPILER_GLOBAL_ACCENT_COLOR_NAME = AccentColor;
				CODE_SIGN_STYLE = Automatic;
				DEVELOPMENT_ASSET_PATHS = "\"Landmarks/Preview Content\"";
				DEVELOPMENT_TEAM = 936484QZRS;
				ENABLE_PREVIEWS = YES;
				INFOPLIST_FILE = Landmarks/Info.plist;
				IPHONEOS_DEPLOYMENT_TARGET = 14.0;
				LD_RUNPATH_SEARCH_PATHS = (
					"$(inherited)",
					"@executable_path/Frameworks",
				);
				PRODUCT_BUNDLE_IDENTIFIER = haya.com.Landmarks;
				PRODUCT_NAME = "$(TARGET_NAME)";
				SWIFT_VERSION = 5.0;
				TARGETED_DEVICE_FAMILY = "1,2";
			};
			name = Release;
		};
/* End XCBuildConfiguration section */

/* Begin XCConfigurationList section */
		42C2132A28B46EAC00F446B3 /* Build configuration list for PBXProject "Landmarks" */ = {
			isa = XCConfigurationList;
			buildConfigurations = (
				42C2133C28B46EAD00F446B3 /* Debug */,
				42C2133D28B46EAD00F446B3 /* Release */,
			);
			defaultConfigurationIsVisible = 0;
			defaultConfigurationName = Release;
		};
		42C2133E28B46EAD00F446B3 /* Build configuration list for PBXNativeTarget "Landmarks" */ = {
			isa = XCConfigurationList;
			buildConfigurations = (
				42C2133F28B46EAD00F446B3 /* Debug */,
				42C2134028B46EAD00F446B3 /* Release */,
			);
			defaultConfigurationIsVisible = 0;
			defaultConfigurationName = Release;
		};
/* End XCConfigurationList section */
	};
	rootObject = 42C2132728B46EAC00F446B3 /* Project object */;
}
